hash: 44c856f3b2d8cd497c9287e08ea119f0c9c774e632d618f45dc2c887756546e4
updated: 2016-03-19T17:07:52.537414683+09:00
imports:
- name: github.com/andybalholm/cascadia
  version: 3ad29d1ad1c4f2023e355603324348cf1f4b2d48
  repo: https://github.com/andybalholm/cascadia
- name: github.com/ant0ine/go-json-rest
  version: 37ad7dc626602a8355801da6acd85155655520f8
  subpackages:
  - /rest
- name: github.com/PuerkitoBio/goquery
  version: 4126223a86db8598275b29db04d511cfdab67cf1
- name: golang.org/x/crypto
  version: c197bcf24cde29d3f73c7b4ac6fd41f4384e8af6
  repo: https://golang.org/x/crypto
- name: golang.org/x/net
  version: 35b06af0720201bc2f326773a80767387544f8c4
- name: golang.org/x/text
  version: 1b466db55e0ba5d56ef5315c728216b42f796491
  repo: https://golang.org/x/text
devImports: []
